{
  "name": "aws-cloudformation-elastic-transcoder-pipeline",
  "version": "1.0.0",
  "lockfileVersion": 1,
  "dependencies": {
    "aws-sdk": {
      "version": "2.85.0",
      "resolved": "https://registry.npmjs.org/aws-sdk/-/aws-sdk-2.85.0.tgz",
      "integrity": "sha1-44YHYcmi+KkBdGGrfzvQdfad+o8="
    },
    "base64-js": {
      "version": "1.2.1",
      "resolved": "https://registry.npmjs.org/base64-js/-/base64-js-1.2.1.tgz",
      "integrity": "sha512-dwVUVIXsBZXwTuwnXI9RK8sBmgq09NDHzyR9SAph9eqk76gKK2JSQmZARC2zRC81JC2QTtxD0ARU5qTS25gIGw=="
    },
    "buffer": {
      "version": "4.9.1",
      "resolved": "https://registry.npmjs.org/buffer/-/buffer-4.9.1.tgz",
      "integrity": "sha1-bRu2AbB6TvztlwlBMgkwJ8lbwpg="
    },
    "cfn-lambda": {
      "version": "git+https://github.com/mazerte/cfn-lambda.git#148bacb2de0a2c0a0cb8146199eef3129d717c90",
      "dependencies": {
        "archiver": {
          "version": "https://registry.npmjs.org/archiver/-/archiver-0.21.0.tgz",
          "integrity": "sha1-Ep2gyOrhqb8IoBLYpOIEOh4pCc4=",
          "dependencies": {
            "archiver-utils": {
              "version": "https://registry.npmjs.org/archiver-utils/-/archiver-utils-0.3.0.tgz",
              "integrity": "sha1-nYU0CJL+nnxsGxtq88M2ks9ZW3A=",
              "dependencies": {
                "lazystream": {
                  "version": "https://registry.npmjs.org/lazystream/-/lazystream-0.1.0.tgz",
                  "integrity": "sha1-GyXWPHcqTCDwpe0KnXf0hLbhaSA=",
                  "dependencies": {
                    "readable-stream": {
                      "version": "https://registry.npmjs.org/readable-stream/-/readable-stream-1.0.33.tgz",
                      "integrity": "sha1-OjYN1mwbHX/UcFOJhg7aHQ9hEmw=",
                      "dependencies": {
                        "core-util-is": {
                          "version": "https://registry.npmjs.org/core-util-is/-/core-util-is-1.0.2.tgz",
                          "integrity": "sha1-tf1UIgqivFq1eqtxQMlAdUUDwac="
                        },
                        "inherits": {
                          "version": "https://registry.npmjs.org/inherits/-/inherits-2.0.1.tgz",
                          "integrity": "sha1-sX0I0ya0Qj5Wjv9xn5GwscvfafE="
                        },
                        "isarray": {
                          "version": "https://registry.npmjs.org/isarray/-/isarray-0.0.1.tgz",
                          "integrity": "sha1-ihis/Kmo9Bd+Cav8YDiTmwXR7t8="
                        },
                        "string_decoder": {
                          "version": "https://registry.npmjs.org/string_decoder/-/string_decoder-0.10.31.tgz",
                          "integrity": "sha1-YuIDvEF2bGwoyfyEMB2rHFMQ+pQ="
                        }
                      }
                    }
                  }
                },
                "normalize-path": {
                  "version": "https://registry.npmjs.org/normalize-path/-/normalize-path-2.0.1.tgz",
                  "integrity": "sha1-R4hqwWYnYNQmG32XnSQXCdPOP3o="
                }
              }
            },
            "buffer-crc32": {
              "version": "https://registry.npmjs.org/buffer-crc32/-/buffer-crc32-0.2.5.tgz",
              "integrity": "sha1-2wA6wmceYuvW7OeOosLhtAVzbpE="
            },
            "glob": {
              "version": "https://registry.npmjs.org/glob/-/glob-6.0.4.tgz",
              "integrity": "sha1-DwiGD2oVUSey+t1PnOJLGqtuTSI=",
              "dependencies": {
                "inflight": {
                  "version": "https://registry.npmjs.org/inflight/-/inflight-1.0.4.tgz",
                  "integrity": "sha1-bLtFIevVHODsCpNr/XZX736bFyo=",
                  "dependencies": {
                    "wrappy": {
                      "version": "https://registry.npmjs.org/wrappy/-/wrappy-1.0.1.tgz",
                      "integrity": "sha1-HmWWmWXMvC20VIxrhKbyxa7dRzk="
                    }
                  }
                },
                "inherits": {
                  "version": "https://registry.npmjs.org/inherits/-/inherits-2.0.1.tgz",
                  "integrity": "sha1-sX0I0ya0Qj5Wjv9xn5GwscvfafE="
                },
                "minimatch": {
                  "version": "https://registry.npmjs.org/minimatch/-/minimatch-3.0.0.tgz",
                  "integrity": "sha1-UjYVelHk8ATBd/s8Un/33Xjw74M=",
                  "dependencies": {
                    "brace-expansion": {
                      "version": "https://registry.npmjs.org/brace-expansion/-/brace-expansion-1.1.2.tgz",
                      "integrity": "sha1-8hRF0EiLZY4nce/YcO/1HfKfBO8=",
                      "dependencies": {
                        "balanced-match": {
                          "version": "https://registry.npmjs.org/balanced-match/-/balanced-match-0.3.0.tgz",
                          "integrity": "sha1-qRzdHr7xqGZZ5w/03vAWJfwtZ1Y="
                        },
                        "concat-map": {
                          "version": "https://registry.npmjs.org/concat-map/-/concat-map-0.0.1.tgz",
                          "integrity": "sha1-2Klr13/Wjfd5OnMDajug1UBdR3s="
                        }
                      }
                    }
                  }
                },
                "once": {
                  "version": "https://registry.npmjs.org/once/-/once-1.3.3.tgz",
                  "integrity": "sha1-suJhVXzkwxTsgwTz+oJmPkKXyiA=",
                  "dependencies": {
                    "wrappy": {
                      "version": "https://registry.npmjs.org/wrappy/-/wrappy-1.0.1.tgz",
                      "integrity": "sha1-HmWWmWXMvC20VIxrhKbyxa7dRzk="
                    }
                  }
                },
                "path-is-absolute": {
                  "version": "https://registry.npmjs.org/path-is-absolute/-/path-is-absolute-1.0.0.tgz",
                  "integrity": "sha1-Jj2tpmqz8vsQv3+dJN2PPlcO+RI="
                }
              }
            },
            "lodash": {
              "version": "https://registry.npmjs.org/lodash/-/lodash-3.10.1.tgz",
              "integrity": "sha1-W/Rejkm6QYnhfUgnid/RW9FAt7Y="
            },
            "readable-stream": {
              "version": "https://registry.npmjs.org/readable-stream/-/readable-stream-2.0.5.tgz",
              "integrity": "sha1-okJvjc1FUcd6M/lu3yiGojyClmk=",
              "dependencies": {
                "core-util-is": {
                  "version": "https://registry.npmjs.org/core-util-is/-/core-util-is-1.0.2.tgz",
                  "integrity": "sha1-tf1UIgqivFq1eqtxQMlAdUUDwac="
                },
                "inherits": {
                  "version": "https://registry.npmjs.org/inherits/-/inherits-2.0.1.tgz",
                  "integrity": "sha1-sX0I0ya0Qj5Wjv9xn5GwscvfafE="
                },
                "isarray": {
                  "version": "https://registry.npmjs.org/isarray/-/isarray-0.0.1.tgz",
                  "integrity": "sha1-ihis/Kmo9Bd+Cav8YDiTmwXR7t8="
                },
                "process-nextick-args": {
                  "version": "https://registry.npmjs.org/process-nextick-args/-/process-nextick-args-1.0.6.tgz",
                  "integrity": "sha1-D5awAc6pCxJZLOVm7bl+wR5pvQU="
                },
                "string_decoder": {
                  "version": "https://registry.npmjs.org/string_decoder/-/string_decoder-0.10.31.tgz",
                  "integrity": "sha1-YuIDvEF2bGwoyfyEMB2rHFMQ+pQ="
                },
                "util-deprecate": {
                  "version": "https://registry.npmjs.org/util-deprecate/-/util-deprecate-1.0.2.tgz",
                  "integrity": "sha1-RQ1Nyfpw3nMnYvvS1KKJgUGaDM8="
                }
              }
            },
            "tar-stream": {
              "version": "https://registry.npmjs.org/tar-stream/-/tar-stream-1.3.1.tgz",
              "integrity": "sha1-SQ7CrR7Fgj/OY/GLuQTHRpzXCJc=",
              "dependencies": {
                "bl": {
                  "version": "https://registry.npmjs.org/bl/-/bl-1.0.2.tgz",
                  "integrity": "sha1-jGZJDYJbqE1WDeH2IZailVWzoMQ="
                },
                "end-of-stream": {
                  "version": "https://registry.npmjs.org/end-of-stream/-/end-of-stream-1.1.0.tgz",
                  "integrity": "sha1-6TUyWLqpEIll78QcsO+K3i88+wc=",
                  "dependencies": {
                    "once": {
                      "version": "https://registry.npmjs.org/once/-/once-1.3.3.tgz",
                      "integrity": "sha1-suJhVXzkwxTsgwTz+oJmPkKXyiA=",
                      "dependencies": {
                        "wrappy": {
                          "version": "https://registry.npmjs.org/wrappy/-/wrappy-1.0.1.tgz",
                          "integrity": "sha1-HmWWmWXMvC20VIxrhKbyxa7dRzk="
                        }
                      }
                    }
                  }
                },
                "xtend": {
                  "version": "https://registry.npmjs.org/xtend/-/xtend-4.0.1.tgz",
                  "integrity": "sha1-pcbVMr5lbiPbgg77lDofBJmNY68="
                }
              }
            },
            "zip-stream": {
              "version": "https://registry.npmjs.org/zip-stream/-/zip-stream-0.8.0.tgz",
              "integrity": "sha1-I2sv4lgjy09I6DNvW/p0OqWunb0=",
              "dependencies": {
                "compress-commons": {
                  "version": "https://registry.npmjs.org/compress-commons/-/compress-commons-0.4.2.tgz",
                  "integrity": "sha1-GghHSJ8NcT0N12NDwMLQVdyc2JI=",
                  "dependencies": {
                    "crc32-stream": {
                      "version": "https://registry.npmjs.org/crc32-stream/-/crc32-stream-0.4.0.tgz",
                      "integrity": "sha1-tU1Mbu/TW1PmU9BiswbtxjFq4m0="
                    },
                    "node-int64": {
                      "version": "https://registry.npmjs.org/node-int64/-/node-int64-0.4.0.tgz",
                      "integrity": "sha1-h6kGXNs1XTGC2PlM4RGIuCXGijs="
                    },
                    "normalize-path": {
                      "version": "https://registry.npmjs.org/normalize-path/-/normalize-path-2.0.1.tgz",
                      "integrity": "sha1-R4hqwWYnYNQmG32XnSQXCdPOP3o="
                    }
                  }
                }
              }
            }
          }
        },
        "async": {
          "version": "https://registry.npmjs.org/async/-/async-1.5.2.tgz",
          "integrity": "sha1-7GphrlZIDAw8skHJVhjiCJL5Zyo="
        },
        "aws-sdk": {
          "version": "https://registry.npmjs.org/aws-sdk/-/aws-sdk-2.6.2.tgz",
          "integrity": "sha1-yF9ocekpiodhAzpXDsBl2Wz3MTo=",
          "dependencies": {
            "buffer": {
              "version": "https://registry.npmjs.org/buffer/-/buffer-4.9.1.tgz",
              "integrity": "sha1-bRu2AbB6TvztlwlBMgkwJ8lbwpg=",
              "dependencies": {
                "base64-js": {
                  "version": "https://registry.npmjs.org/base64-js/-/base64-js-1.1.2.tgz",
                  "integrity": "sha1-1kAMrBxMZgl22Q0HoENR2JOV9eg="
                },
                "ieee754": {
                  "version": "https://registry.npmjs.org/ieee754/-/ieee754-1.1.6.tgz",
                  "integrity": "sha1-LhATIZxtZxKXPsVNmB7BnlV53pc="
                },
                "isarray": {
                  "version": "https://registry.npmjs.org/isarray/-/isarray-1.0.0.tgz",
                  "integrity": "sha1-u5NdSFgsuhaMBoNJV6VKPgcSTxE="
                }
              }
            },
            "crypto-browserify": {
              "version": "https://registry.npmjs.org/crypto-browserify/-/crypto-browserify-1.0.9.tgz",
              "integrity": "sha1-zFRJaF37hesRyYKKzHy4erW7/MA="
            },
            "jmespath": {
              "version": "https://registry.npmjs.org/jmespath/-/jmespath-0.15.0.tgz",
              "integrity": "sha1-o/Iiqarp+Wb10nx5ZRDigJF2Qhc="
            },
            "sax": {
              "version": "https://registry.npmjs.org/sax/-/sax-1.1.5.tgz",
              "integrity": "sha1-HaUKjQDN7NWUBWWfX/hTSf53N0M="
            },
            "xml2js": {
              "version": "https://registry.npmjs.org/xml2js/-/xml2js-0.4.15.tgz",
              "integrity": "sha1-lc0D/y3RROwovGJzvysokMWBrQw="
            },
            "xmlbuilder": {
              "version": "https://registry.npmjs.org/xmlbuilder/-/xmlbuilder-2.6.2.tgz",
              "integrity": "sha1-+Rb20Q1F3BcbG+Lm5nP7bgzDXQo=",
              "dependencies": {
                "lodash": {
                  "version": "https://registry.npmjs.org/lodash/-/lodash-3.5.0.tgz",
                  "integrity": "sha1-Gbs/TVEnjwuMgY7RRcdOz5/kDm0="
                }
              }
            }
          }
        },
        "commander": {
          "version": "https://registry.npmjs.org/commander/-/commander-2.9.0.tgz",
          "integrity": "sha1-nJkJQXbhIkDLItbFFGCYQA/g99Q=",
          "dependencies": {
            "graceful-readlink": {
              "version": "https://registry.npmjs.org/graceful-readlink/-/graceful-readlink-1.0.1.tgz",
              "integrity": "sha1-TK+tdrxi8C+gObL5Tpo906ORpyU="
            }
          }
        },
        "jayschema": {
          "version": "https://registry.npmjs.org/jayschema/-/jayschema-0.3.1.tgz",
          "integrity": "sha1-dvR2n5sXLvfV3N5IdbSctzYXm1g=",
          "dependencies": {
            "when": {
              "version": "https://registry.npmjs.org/when/-/when-3.4.6.tgz",
              "integrity": "sha1-j7y3zBQ50sOmjEMfFRbm3M6a0ow="
            }
          }
        },
        "mkdirp": {
          "version": "https://registry.npmjs.org/mkdirp/-/mkdirp-0.5.1.tgz",
          "integrity": "sha1-MAV0OOrGz3+MR2fzhkjWaX11yQM=",
          "dependencies": {
            "minimist": {
              "version": "https://registry.npmjs.org/minimist/-/minimist-0.0.8.tgz",
              "integrity": "sha1-hX/Kv8M5fSYluCKCYuhqp6ARsF0="
            }
          }
        },
        "string-format": {
          "version": "https://registry.npmjs.org/string-format/-/string-format-0.5.0.tgz",
          "integrity": "sha1-v8SmmiUPF/Jz2XM2eX2vXcpuzzA="
        },
        "underscore": {
          "version": "https://registry.npmjs.org/underscore/-/underscore-1.8.3.tgz",
          "integrity": "sha1-Tz+1OxBuYJf8+ctBCfKl6b36UCI="
        }
      }
    },
    "crypto-browserify": {
      "version": "1.0.9",
      "resolved": "https://registry.npmjs.org/crypto-browserify/-/crypto-browserify-1.0.9.tgz",
      "integrity": "sha1-zFRJaF37hesRyYKKzHy4erW7/MA="
    },
    "events": {
      "version": "1.1.1",
      "resolved": "https://registry.npmjs.org/events/-/events-1.1.1.tgz",
      "integrity": "sha1-nr23Y1rQmccNzEwqH1AEKI6L2SQ="
    },
    "ieee754": {
      "version": "1.1.8",
      "resolved": "https://registry.npmjs.org/ieee754/-/ieee754-1.1.8.tgz",
      "integrity": "sha1-vjPUCsEO8ZJnAfbwii2G+/0a0+Q="
    },
    "isarray": {
      "version": "1.0.0",
      "resolved": "https://registry.npmjs.org/isarray/-/isarray-1.0.0.tgz",
      "integrity": "sha1-u5NdSFgsuhaMBoNJV6VKPgcSTxE="
    },
    "jmespath": {
      "version": "0.15.0",
      "resolved": "https://registry.npmjs.org/jmespath/-/jmespath-0.15.0.tgz",
      "integrity": "sha1-o/Iiqarp+Wb10nx5ZRDigJF2Qhc="
    },
    "lodash": {
      "version": "4.17.4",
      "resolved": "https://registry.npmjs.org/lodash/-/lodash-4.17.4.tgz",
      "integrity": "sha1-eCA6TRwyiuHYbcpkYONptX9AVa4="
    },
    "punycode": {
      "version": "1.3.2",
      "resolved": "https://registry.npmjs.org/punycode/-/punycode-1.3.2.tgz",
      "integrity": "sha1-llOgNvt8HuQjQvIyXM7v6jkmxI0="
    },
    "querystring": {
      "version": "0.2.0",
      "resolved": "https://registry.npmjs.org/querystring/-/querystring-0.2.0.tgz",
      "integrity": "sha1-sgmEkgO7Jd+CDadW50cAWHhSFiA="
    },
    "sax": {
      "version": "1.2.1",
      "resolved": "https://registry.npmjs.org/sax/-/sax-1.2.1.tgz",
      "integrity": "sha1-e45lYZCyKOgaZq6nSEgNgozS03o="
    },
    "url": {
      "version": "0.10.3",
      "resolved": "https://registry.npmjs.org/url/-/url-0.10.3.tgz",
      "integrity": "sha1-Ah5NnHcF8hu/N9A861h2dAJ3TGQ="
    },
    "uuid": {
      "version": "3.0.1",
      "resolved": "https://registry.npmjs.org/uuid/-/uuid-3.0.1.tgz",
      "integrity": "sha1-ZUS7ot/ajBzxfmKaOjBeK7H+5sE="
    },
    "xml2js": {
      "version": "0.4.17",
      "resolved": "https://registry.npmjs.org/xml2js/-/xml2js-0.4.17.tgz",
      "integrity": "sha1-F76T6q4/O3eTWceVtBlwWogX6Gg="
    },
    "xmlbuilder": {
      "version": "4.2.1",
      "resolved": "https://registry.npmjs.org/xmlbuilder/-/xmlbuilder-4.2.1.tgz",
      "integrity": "sha1-qlijBBoGb5DqoWwvU4n/GfP0YaU="
    }
  }
}
